
Microsoft Visual Studio Solution File, Format Version 12.00
# Visual Studio Version 17
VisualStudioVersion = 17.5.002.0
MinimumVisualStudioVersion = 10.0.40219.1
Project("{9A19103F-16F7-4668-BE54-9A1E7A4F7556}") = "01", "01\01.csproj", "{81DBCC96-94C2-42D9-919C-6B8F9A1ED518}"
EndProject
Project("{FAE04EC0-301F-11D3-BF4B-00C04F79EFBC}") = "02", "02\02.csproj", "{F47C4E69-9818-4A5D-B7CF-23C3EA5F9CF2}"
EndProject
Project("{FAE04EC0-301F-11D3-BF4B-00C04F79EFBC}") = "03", "03\03.csproj", "{3BC0ACE1-DF9D-44C4-A66E-C30322B136FF}"
EndProject
Project("{FAE04EC0-301F-11D3-BF4B-00C04F79EFBC}") = "04", "04\04.csproj", "{2530864C-9FF2-4A39-9EE6-74E9B1E15AD5}"
EndProject
Project("{FAE04EC0-301F-11D3-BF4B-00C04F79EFBC}") = "05", "05\05.csproj", "{7EA44AC0-B8A0-426F-9109-8A05CF5CB921}"
EndProject
Project("{FAE04EC0-301F-11D3-BF4B-00C04F79EFBC}") = "06", "06\06.csproj", "{A68A387C-459D-4ECE-AF76-1EAFCCE74D9A}"
EndProject
Project("{FAE04EC0-301F-11D3-BF4B-00C04F79EFBC}") = "07", "07\07.csproj", "{CA0C723C-763A-4824-B508-149A91C0BD69}"
EndProject
Project("{FAE04EC0-301F-11D3-BF4B-00C04F79EFBC}") = "08", "08\08.csproj", "{58AFC7C4-9C8C-4454-BC3E-7ACC95C9E721}"
EndProject
Project("{FAE04EC0-301F-11D3-BF4B-00C04F79EFBC}") = "09", "09\09.csproj", "{E2CB6BC8-442A-41BB-81F8-68FDFA6470DF}"
EndProject
Project("{FAE04EC0-301F-11D3-BF4B-00C04F79EFBC}") = "10", "10\10.csproj", "{F80E1361-48B5-4420-B90F-FBD69036B517}"
EndProject
Project("{FAE04EC0-301F-11D3-BF4B-00C04F79EFBC}") = "11", "11\11.csproj", "{CD87D404-6D13-4E21-8B99-8C3FD80FE232}"
EndProject
Project("{FAE04EC0-301F-11D3-BF4B-00C04F79EFBC}") = "12", "12\12.csproj", "{4384C265-6F81-4D88-959B-AAF7C6BE70CF}"
EndProject
Project("{FAE04EC0-301F-11D3-BF4B-00C04F79EFBC}") = "13", "13\13.csproj", "{A435E703-D29E-4B7A-BCB5-8CE2227C7BF9}"
EndProject
Project("{FAE04EC0-301F-11D3-BF4B-00C04F79EFBC}") = "14", "14\14.csproj", "{7E582EF1-CA34-47CF-833D-29F8B62676FE}"
EndProject
Project("{FAE04EC0-301F-11D3-BF4B-00C04F79EFBC}") = "15", "15\15.csproj", "{4DEBF07F-C744-4F98-9ED7-9ABB1CDFBB64}"
EndProject
Project("{FAE04EC0-301F-11D3-BF4B-00C04F79EFBC}") = "16", "16\16.csproj", "{8882D8F0-F620-4B4D-8B46-754BE8D0D407}"
EndProject
Project("{FAE04EC0-301F-11D3-BF4B-00C04F79EFBC}") = "17", "17\17.csproj", "{0E83A309-9362-40D6-AAC1-665E908E2719}"
EndProject
Global
	GlobalSection(SolutionConfigurationPlatforms) = preSolution
		Debug|Any CPU = Debug|Any CPU
		Release|Any CPU = Release|Any CPU
	EndGlobalSection
	GlobalSection(ProjectConfigurationPlatforms) = postSolution
		{81DBCC96-94C2-42D9-919C-6B8F9A1ED518}.Debug|Any CPU.ActiveCfg = Debug|Any CPU
		{81DBCC96-94C2-42D9-919C-6B8F9A1ED518}.Debug|Any CPU.Build.0 = Debug|Any CPU
		{81DBCC96-94C2-42D9-919C-6B8F9A1ED518}.Release|Any CPU.ActiveCfg = Release|Any CPU
		{81DBCC96-94C2-42D9-919C-6B8F9A1ED518}.Release|Any CPU.Build.0 = Release|Any CPU
		{F47C4E69-9818-4A5D-B7CF-23C3EA5F9CF2}.Debug|Any CPU.ActiveCfg = Debug|Any CPU
		{F47C4E69-9818-4A5D-B7CF-23C3EA5F9CF2}.Debug|Any CPU.Build.0 = Debug|Any CPU
		{F47C4E69-9818-4A5D-B7CF-23C3EA5F9CF2}.Release|Any CPU.ActiveCfg = Release|Any CPU
		{F47C4E69-9818-4A5D-B7CF-23C3EA5F9CF2}.Release|Any CPU.Build.0 = Release|Any CPU
		{3BC0ACE1-DF9D-44C4-A66E-C30322B136FF}.Debug|Any CPU.ActiveCfg = Debug|Any CPU
		{3BC0ACE1-DF9D-44C4-A66E-C30322B136FF}.Debug|Any CPU.Build.0 = Debug|Any CPU
		{3BC0ACE1-DF9D-44C4-A66E-C30322B136FF}.Release|Any CPU.ActiveCfg = Release|Any CPU
		{3BC0ACE1-DF9D-44C4-A66E-C30322B136FF}.Release|Any CPU.Build.0 = Release|Any CPU
		{2530864C-9FF2-4A39-9EE6-74E9B1E15AD5}.Debug|Any CPU.ActiveCfg = Debug|Any CPU
		{2530864C-9FF2-4A39-9EE6-74E9B1E15AD5}.Debug|Any CPU.Build.0 = Debug|Any CPU
		{2530864C-9FF2-4A39-9EE6-74E9B1E15AD5}.Release|Any CPU.ActiveCfg = Release|Any CPU
		{2530864C-9FF2-4A39-9EE6-74E9B1E15AD5}.Release|Any CPU.Build.0 = Release|Any CPU
		{7EA44AC0-B8A0-426F-9109-8A05CF5CB921}.Debug|Any CPU.ActiveCfg = Debug|Any CPU
		{7EA44AC0-B8A0-426F-9109-8A05CF5CB921}.Debug|Any CPU.Build.0 = Debug|Any CPU
		{7EA44AC0-B8A0-426F-9109-8A05CF5CB921}.Release|Any CPU.ActiveCfg = Release|Any CPU
		{7EA44AC0-B8A0-426F-9109-8A05CF5CB921}.Release|Any CPU.Build.0 = Release|Any CPU
		{A68A387C-459D-4ECE-AF76-1EAFCCE74D9A}.Debug|Any CPU.ActiveCfg = Debug|Any CPU
		{A68A387C-459D-4ECE-AF76-1EAFCCE74D9A}.Debug|Any CPU.Build.0 = Debug|Any CPU
		{A68A387C-459D-4ECE-AF76-1EAFCCE74D9A}.Release|Any CPU.ActiveCfg = Release|Any CPU
		{A68A387C-459D-4ECE-AF76-1EAFCCE74D9A}.Release|Any CPU.Build.0 = Release|Any CPU
		{CA0C723C-763A-4824-B508-149A91C0BD69}.Debug|Any CPU.ActiveCfg = Debug|Any CPU
		{CA0C723C-763A-4824-B508-149A91C0BD69}.Debug|Any CPU.Build.0 = Debug|Any CPU
		{CA0C723C-763A-4824-B508-149A91C0BD69}.Release|Any CPU.ActiveCfg = Release|Any CPU
		{CA0C723C-763A-4824-B508-149A91C0BD69}.Release|Any CPU.Build.0 = Release|Any CPU
		{58AFC7C4-9C8C-4454-BC3E-7ACC95C9E721}.Debug|Any CPU.ActiveCfg = Debug|Any CPU
		{58AFC7C4-9C8C-4454-BC3E-7ACC95C9E721}.Debug|Any CPU.Build.0 = Debug|Any CPU
		{58AFC7C4-9C8C-4454-BC3E-7ACC95C9E721}.Release|Any CPU.ActiveCfg = Release|Any CPU
		{58AFC7C4-9C8C-4454-BC3E-7ACC95C9E721}.Release|Any CPU.Build.0 = Release|Any CPU
		{E2CB6BC8-442A-41BB-81F8-68FDFA6470DF}.Debug|Any CPU.ActiveCfg = Debug|Any CPU
		{E2CB6BC8-442A-41BB-81F8-68FDFA6470DF}.Debug|Any CPU.Build.0 = Debug|Any CPU
		{E2CB6BC8-442A-41BB-81F8-68FDFA6470DF}.Release|Any CPU.ActiveCfg = Release|Any CPU
		{E2CB6BC8-442A-41BB-81F8-68FDFA6470DF}.Release|Any CPU.Build.0 = Release|Any CPU
		{F80E1361-48B5-4420-B90F-FBD69036B517}.Debug|Any CPU.ActiveCfg = Debug|Any CPU
		{F80E1361-48B5-4420-B90F-FBD69036B517}.Debug|Any CPU.Build.0 = Debug|Any CPU
		{F80E1361-48B5-4420-B90F-FBD69036B517}.Release|Any CPU.ActiveCfg = Release|Any CPU
		{F80E1361-48B5-4420-B90F-FBD69036B517}.Release|Any CPU.Build.0 = Release|Any CPU
		{CD87D404-6D13-4E21-8B99-8C3FD80FE232}.Debug|Any CPU.ActiveCfg = Debug|Any CPU
		{CD87D404-6D13-4E21-8B99-8C3FD80FE232}.Debug|Any CPU.Build.0 = Debug|Any CPU
		{CD87D404-6D13-4E21-8B99-8C3FD80FE232}.Release|Any CPU.ActiveCfg = Release|Any CPU
		{CD87D404-6D13-4E21-8B99-8C3FD80FE232}.Release|Any CPU.Build.0 = Release|Any CPU
		{4384C265-6F81-4D88-959B-AAF7C6BE70CF}.Debug|Any CPU.ActiveCfg = Debug|Any CPU
		{4384C265-6F81-4D88-959B-AAF7C6BE70CF}.Debug|Any CPU.Build.0 = Debug|Any CPU
		{4384C265-6F81-4D88-959B-AAF7C6BE70CF}.Release|Any CPU.ActiveCfg = Release|Any CPU
		{4384C265-6F81-4D88-959B-AAF7C6BE70CF}.Release|Any CPU.Build.0 = Release|Any CPU
		{A435E703-D29E-4B7A-BCB5-8CE2227C7BF9}.Debug|Any CPU.ActiveCfg = Debug|Any CPU
		{A435E703-D29E-4B7A-BCB5-8CE2227C7BF9}.Debug|Any CPU.Build.0 = Debug|Any CPU
		{A435E703-D29E-4B7A-BCB5-8CE2227C7BF9}.Release|Any CPU.ActiveCfg = Release|Any CPU
		{A435E703-D29E-4B7A-BCB5-8CE2227C7BF9}.Release|Any CPU.Build.0 = Release|Any CPU
		{7E582EF1-CA34-47CF-833D-29F8B62676FE}.Debug|Any CPU.ActiveCfg = Debug|Any CPU
		{7E582EF1-CA34-47CF-833D-29F8B62676FE}.Debug|Any CPU.Build.0 = Debug|Any CPU
		{7E582EF1-CA34-47CF-833D-29F8B62676FE}.Release|Any CPU.ActiveCfg = Release|Any CPU
		{7E582EF1-CA34-47CF-833D-29F8B62676FE}.Release|Any CPU.Build.0 = Release|Any CPU
		{4DEBF07F-C744-4F98-9ED7-9ABB1CDFBB64}.Debug|Any CPU.ActiveCfg = Debug|Any CPU
		{4DEBF07F-C744-4F98-9ED7-9ABB1CDFBB64}.Debug|Any CPU.Build.0 = Debug|Any CPU
		{4DEBF07F-C744-4F98-9ED7-9ABB1CDFBB64}.Release|Any CPU.ActiveCfg = Release|Any CPU
		{4DEBF07F-C744-4F98-9ED7-9ABB1CDFBB64}.Release|Any CPU.Build.0 = Release|Any CPU
		{8882D8F0-F620-4B4D-8B46-754BE8D0D407}.Debug|Any CPU.ActiveCfg = Debug|Any CPU
		{8882D8F0-F620-4B4D-8B46-754BE8D0D407}.Debug|Any CPU.Build.0 = Debug|Any CPU
		{8882D8F0-F620-4B4D-8B46-754BE8D0D407}.Release|Any CPU.ActiveCfg = Release|Any CPU
		{8882D8F0-F620-4B4D-8B46-754BE8D0D407}.Release|Any CPU.Build.0 = Release|Any CPU
		{0E83A309-9362-40D6-AAC1-665E908E2719}.Debug|Any CPU.ActiveCfg = Debug|Any CPU
		{0E83A309-9362-40D6-AAC1-665E908E2719}.Debug|Any CPU.Build.0 = Debug|Any CPU
		{0E83A309-9362-40D6-AAC1-665E908E2719}.Release|Any CPU.ActiveCfg = Release|Any CPU
		{0E83A309-9362-40D6-AAC1-665E908E2719}.Release|Any CPU.Build.0 = Release|Any CPU
	EndGlobalSection
	GlobalSection(SolutionProperties) = preSolution
		HideSolutionNode = FALSE
	EndGlobalSection
	GlobalSection(ExtensibilityGlobals) = postSolution
		SolutionGuid = {74DAB5ED-6067-4CDC-83DD-DA677584D950}
	EndGlobalSection
EndGlobal
